
Microsoft Visual Studio Solution File, Format Version 12.00
# Visual Studio Version 16
VisualStudioVersion = 16.0.30413.136
MinimumVisualStudioVersion = 10.0.40219.1
Project("{FAE04EC0-301F-11D3-BF4B-00C04F79EFBC}") = "Fatec.LabEngSoftIII.Zhang.Api", "Fatec.LabEngSoftIII.Zhang.Api.csproj", "{F965646B-F563-4017-A594-C81DAA6C60F3}"
EndProject
Global
	GlobalSection(SolutionConfigurationPlatforms) = preSolution
		Debug|Any CPU = Debug|Any CPU
		Release|Any CPU = Release|Any CPU
	EndGlobalSection
	GlobalSection(ProjectConfigurationPlatforms) = postSolution
		{F965646B-F563-4017-A594-C81DAA6C60F3}.Debug|Any CPU.ActiveCfg = Debug|Any CPU
		{F965646B-F563-4017-A594-C81DAA6C60F3}.Debug|Any CPU.Build.0 = Debug|Any CPU
		{F965646B-F563-4017-A594-C81DAA6C60F3}.Release|Any CPU.ActiveCfg = Release|Any CPU
		{F965646B-F563-4017-A594-C81DAA6C60F3}.Release|Any CPU.Build.0 = Release|Any CPU
	EndGlobalSection
	GlobalSection(SolutionProperties) = preSolution
		HideSolutionNode = FALSE
	EndGlobalSection
	GlobalSection(ExtensibilityGlobals) = postSolution
		SolutionGuid = {7134E31B-3EB5-424B-ABB3-821E2B61AE7C}
	EndGlobalSection
EndGlobal
